
Microsoft Visual Studio Solution File, Format Version 12.00
# Visual Studio Version 17
VisualStudioVersion = 17.7.34024.191
MinimumVisualStudioVersion = 10.0.40219.1
Project("{FAE04EC0-301F-11D3-BF4B-00C04F79EFBC}") = "餐厅管理系统", "餐厅管理系统.csproj", "{C2E611F6-B4D7-4BF4-9A56-42FF4F6BFEDC}"
EndProject
Project("{FAE04EC0-301F-11D3-BF4B-00C04F79EFBC}") = "Form", "Form\Form.csproj", "{DB2032B1-CD23-43A6-92E9-59E00580D89C}"
EndProject
Global
	GlobalSection(SolutionConfigurationPlatforms) = preSolution
		Debug|Any CPU = Debug|Any CPU
		Debug|x64 = Debug|x64
		Release|Any CPU = Release|Any CPU
		Release|x64 = Release|x64
	EndGlobalSection
	GlobalSection(ProjectConfigurationPlatforms) = postSolution
		{C2E611F6-B4D7-4BF4-9A56-42FF4F6BFEDC}.Debug|Any CPU.ActiveCfg = Debug|Any CPU
		{C2E611F6-B4D7-4BF4-9A56-42FF4F6BFEDC}.Debug|Any CPU.Build.0 = Debug|Any CPU
		{C2E611F6-B4D7-4BF4-9A56-42FF4F6BFEDC}.Debug|x64.ActiveCfg = Debug|Any CPU
		{C2E611F6-B4D7-4BF4-9A56-42FF4F6BFEDC}.Debug|x64.Build.0 = Debug|Any CPU
		{C2E611F6-B4D7-4BF4-9A56-42FF4F6BFEDC}.Release|Any CPU.ActiveCfg = Release|Any CPU
		{C2E611F6-B4D7-4BF4-9A56-42FF4F6BFEDC}.Release|Any CPU.Build.0 = Release|Any CPU
		{C2E611F6-B4D7-4BF4-9A56-42FF4F6BFEDC}.Release|x64.ActiveCfg = Release|Any CPU
		{C2E611F6-B4D7-4BF4-9A56-42FF4F6BFEDC}.Release|x64.Build.0 = Release|Any CPU
		{DB2032B1-CD23-43A6-92E9-59E00580D89C}.Debug|Any CPU.ActiveCfg = Debug|Any CPU
		{DB2032B1-CD23-43A6-92E9-59E00580D89C}.Debug|Any CPU.Build.0 = Debug|Any CPU
		{DB2032B1-CD23-43A6-92E9-59E00580D89C}.Debug|x64.ActiveCfg = Debug|x64
		{DB2032B1-CD23-43A6-92E9-59E00580D89C}.Debug|x64.Build.0 = Debug|x64
		{DB2032B1-CD23-43A6-92E9-59E00580D89C}.Release|Any CPU.ActiveCfg = Release|Any CPU
		{DB2032B1-CD23-43A6-92E9-59E00580D89C}.Release|Any CPU.Build.0 = Release|Any CPU
		{DB2032B1-CD23-43A6-92E9-59E00580D89C}.Release|x64.ActiveCfg = Release|x64
		{DB2032B1-CD23-43A6-92E9-59E00580D89C}.Release|x64.Build.0 = Release|x64
	EndGlobalSection
	GlobalSection(SolutionProperties) = preSolution
		HideSolutionNode = FALSE
	EndGlobalSection
	GlobalSection(ExtensibilityGlobals) = postSolution
		SolutionGuid = {E81FA976-1C0C-4B29-9EAC-7AA93C42E777}
	EndGlobalSection
EndGlobal
